Microsoft Visual Studio Solution File, Format Version 12.00
# Visual Studio Version 17
VisualStudioVersion = 17.5.2.0
MinimumVisualStudioVersion = 10.0.40219.1
Project("{FAE04EC0-301F-11D3-BF4B-00C04F79EFBC}") = "AnsiCheck", "AnsiCheck.csproj", "{4F199860-3E92-FDB1-19BA-7E804E399909}"
EndProject
Global
	GlobalSection(SolutionConfigurationPlatforms) = preSolution
		Debug|Any CPU = Debug|Any CPU
		Release|Any CPU = Release|Any CPU
	EndGlobalSection
	GlobalSection(ProjectConfigurationPlatforms) = postSolution
		{4F199860-3E92-FDB1-19BA-7E804E399909}.Debug|Any CPU.ActiveCfg = Debug|Any CPU
		{4F199860-3E92-FDB1-19BA-7E804E399909}.Debug|Any CPU.Build.0 = Debug|Any CPU
		{4F199860-3E92-FDB1-19BA-7E804E399909}.Release|Any CPU.ActiveCfg = Release|Any CPU
		{4F199860-3E92-FDB1-19BA-7E804E399909}.Release|Any CPU.Build.0 = Release|Any CPU
	EndGlobalSection
	GlobalSection(SolutionProperties) = preSolution
		HideSolutionNode = FALSE
	EndGlobalSection
	GlobalSection(ExtensibilityGlobals) = postSolution
		SolutionGuid = {FE1C39C6-7C06-4048-AE23-619D92F7AD0E}
	EndGlobalSection
EndGlobal
